
Microsoft Visual Studio Solution File, Format Version 12.00
# Visual Studio Version 17
VisualStudioVersion = 17.13.35931.197 d17.13
MinimumVisualStudioVersion = 10.0.40219.1
Project("{FAE04EC0-301F-11D3-BF4B-00C04F79EFBC}") = "Ecommerce", "Ecommerce.csproj", "{FABDF260-49E5-4415-850F-6190AFC8D232}"
EndProject
Global
	GlobalSection(SolutionConfigurationPlatforms) = preSolution
		Debug|Any CPU = Debug|Any CPU
		Release|Any CPU = Release|Any CPU
	EndGlobalSection
	GlobalSection(ProjectConfigurationPlatforms) = postSolution
		{FABDF260-49E5-4415-850F-6190AFC8D232}.Debug|Any CPU.ActiveCfg = Debug|Any CPU
		{FABDF260-49E5-4415-850F-6190AFC8D232}.Debug|Any CPU.Build.0 = Debug|Any CPU
		{FABDF260-49E5-4415-850F-6190AFC8D232}.Release|Any CPU.ActiveCfg = Release|Any CPU
		{FABDF260-49E5-4415-850F-6190AFC8D232}.Release|Any CPU.Build.0 = Release|Any CPU
	EndGlobalSection
	GlobalSection(SolutionProperties) = preSolution
		HideSolutionNode = FALSE
	EndGlobalSection
	GlobalSection(ExtensibilityGlobals) = postSolution
		SolutionGuid = {1FA8BEEA-D579-4EDF-8A12-C039B979EE6D}
	EndGlobalSection
EndGlobal
